Microsoft Visual Studio Solution File, Format Version 12.00
# Visual Studio Version 17
VisualStudioVersion = 17.5.2.0
MinimumVisualStudioVersion = 10.0.40219.1
Project("{2150E333-8FDC-42A3-9474-1A3956D46DE8}") = "Source", "Source", "{B8EFCA5F-814F-285C-A8CB-F00F14650265}"
EndProject
Project("{FAE04EC0-301F-11D3-BF4B-00C04F79EFBC}") = "PhosphorFire", "Source\PhosphorFire.csproj", "{845DBC72-576C-2B1A-7E8C-FF07F341A798}"
EndProject
Global
	GlobalSection(SolutionConfigurationPlatforms) = preSolution
		Debug|Any CPU = Debug|Any CPU
		Release|Any CPU = Release|Any CPU
	EndGlobalSection
	GlobalSection(ProjectConfigurationPlatforms) = postSolution
		{845DBC72-576C-2B1A-7E8C-FF07F341A798}.Debug|Any CPU.ActiveCfg = Debug|Any CPU
		{845DBC72-576C-2B1A-7E8C-FF07F341A798}.Debug|Any CPU.Build.0 = Debug|Any CPU
		{845DBC72-576C-2B1A-7E8C-FF07F341A798}.Release|Any CPU.ActiveCfg = Release|Any CPU
		{845DBC72-576C-2B1A-7E8C-FF07F341A798}.Release|Any CPU.Build.0 = Release|Any CPU
	EndGlobalSection
	GlobalSection(SolutionProperties) = preSolution
		HideSolutionNode = FALSE
	EndGlobalSection
	GlobalSection(NestedProjects) = preSolution
		{845DBC72-576C-2B1A-7E8C-FF07F341A798} = {B8EFCA5F-814F-285C-A8CB-F00F14650265}
	EndGlobalSection
	GlobalSection(ExtensibilityGlobals) = postSolution
		SolutionGuid = {C2BF425B-5027-4480-B9D9-85796219EFE9}
	EndGlobalSection
EndGlobal
